{
  "name": "brackets-storage-calls",
  "version": "1.0.0",
  "lockfileVersion": 2,
  "requires": true,
  "packages": {
    "": {
      "name": "brackets-storage-calls",
      "version": "1.0.0",
      "license": "ISC",
      "dependencies": {
        "@types/node": "^16.11.12",
        "typescript": "^4.5.3"
      },
      "devDependencies": {}
    },
    "node_modules/@types/node": {
      "version": "16.11.12",
      "resolved": "https://registry.npmjs.org/@types/node/-/node-16.11.12.tgz",
      "integrity": "sha512-+2Iggwg7PxoO5Kyhvsq9VarmPbIelXP070HMImEpbtGCoyWNINQj4wzjbQCXzdHTRXnqufutJb5KAURZANNBAw=="
    },
    "node_modules/typescript": {
      "version": "4.5.3",
      "resolved": "https://registry.npmjs.org/typescript/-/typescript-4.5.3.tgz",
      "integrity": "sha512-eVYaEHALSt+s9LbvgEv4Ef+Tdq7hBiIZgii12xXJnukryt3pMgJf6aKhoCZ3FWQsu6sydEnkg11fYXLzhLBjeQ==",
      "bin": {
        "tsc": "bin/tsc",
        "tsserver": "bin/tsserver"
      },
      "engines": {
        "node": ">=4.2.0"
      }
    }
  },
  "dependencies": {
    "@types/node": {
      "version": "16.11.12",
      "resolved": "https://registry.npmjs.org/@types/node/-/node-16.11.12.tgz",
      "integrity": "sha512-+2Iggwg7PxoO5Kyhvsq9VarmPbIelXP070HMImEpbtGCoyWNINQj4wzjbQCXzdHTRXnqufutJb5KAURZANNBAw=="
    },
    "typescript": {
      "version": "4.5.3",
      "resolved": "https://registry.npmjs.org/typescript/-/typescript-4.5.3.tgz",
      "integrity": "sha512-eVYaEHALSt+s9LbvgEv4Ef+Tdq7hBiIZgii12xXJnukryt3pMgJf6aKhoCZ3FWQsu6sydEnkg11fYXLzhLBjeQ=="
    }
  }
}
